
Microsoft Visual Studio Solution File, Format Version 12.00
# Visual Studio Version 17
VisualStudioVersion = 17.4.33213.308
MinimumVisualStudioVersion = 10.0.40219.1
Project("{FAE04EC0-301F-11D3-BF4B-00C04F79EFBC}") = "MinimalAPI", "MinimalAPI\MinimalAPI.csproj", "{B0AEB4CF-956C-48B1-BACA-D4E7C9A446D0}"
EndProject
Global
	GlobalSection(SolutionConfigurationPlatforms) = preSolution
		Debug|Any CPU = Debug|Any CPU
		Release|Any CPU = Release|Any CPU
	EndGlobalSection
	GlobalSection(ProjectConfigurationPlatforms) = postSolution
		{B0AEB4CF-956C-48B1-BACA-D4E7C9A446D0}.Debug|Any CPU.ActiveCfg = Debug|Any CPU
		{B0AEB4CF-956C-48B1-BACA-D4E7C9A446D0}.Debug|Any CPU.Build.0 = Debug|Any CPU
		{B0AEB4CF-956C-48B1-BACA-D4E7C9A446D0}.Release|Any CPU.ActiveCfg = Release|Any CPU
		{B0AEB4CF-956C-48B1-BACA-D4E7C9A446D0}.Release|Any CPU.Build.0 = Release|Any CPU
	EndGlobalSection
	GlobalSection(SolutionProperties) = preSolution
		HideSolutionNode = FALSE
	EndGlobalSection
	GlobalSection(ExtensibilityGlobals) = postSolution
		SolutionGuid = {8FB32B16-9EA9-4295-96C6-A5E72C1ADF9C}
	EndGlobalSection
EndGlobal
