
Microsoft Visual Studio Solution File, Format Version 12.00
# Visual Studio Version 17
VisualStudioVersion = 17.7.34031.279
MinimumVisualStudioVersion = 10.0.40219.1
Project("{FAE04EC0-301F-11D3-BF4B-00C04F79EFBC}") = "WebApiFactory", "WebApiFactory\WebApiFactory.csproj", "{09AC37A3-7BE8-4EB7-B567-A179E4535AA0}"
EndProject
Global
	GlobalSection(SolutionConfigurationPlatforms) = preSolution
		Debug|Any CPU = Debug|Any CPU
		Release|Any CPU = Release|Any CPU
	EndGlobalSection
	GlobalSection(ProjectConfigurationPlatforms) = postSolution
		{09AC37A3-7BE8-4EB7-B567-A179E4535AA0}.Debug|Any CPU.ActiveCfg = Debug|Any CPU
		{09AC37A3-7BE8-4EB7-B567-A179E4535AA0}.Debug|Any CPU.Build.0 = Debug|Any CPU
		{09AC37A3-7BE8-4EB7-B567-A179E4535AA0}.Release|Any CPU.ActiveCfg = Release|Any CPU
		{09AC37A3-7BE8-4EB7-B567-A179E4535AA0}.Release|Any CPU.Build.0 = Release|Any CPU
	EndGlobalSection
	GlobalSection(SolutionProperties) = preSolution
		HideSolutionNode = FALSE
	EndGlobalSection
	GlobalSection(ExtensibilityGlobals) = postSolution
		SolutionGuid = {9B047F18-42B3-48D5-98FB-016A106EF90C}
	EndGlobalSection
EndGlobal
