
Microsoft Visual Studio Solution File, Format Version 12.00
# Visual Studio Version 17
VisualStudioVersion = 17.4.33213.308
MinimumVisualStudioVersion = 10.0.40219.1
Project("{FAE04EC0-301F-11D3-BF4B-00C04F79EFBC}") = "RedLock", "RedLock\RedLock.csproj", "{4E353408-6B09-4F74-91E1-1345F4C3811F}"
EndProject
Global
	GlobalSection(SolutionConfigurationPlatforms) = preSolution
		Debug|Any CPU = Debug|Any CPU
		Release|Any CPU = Release|Any CPU
	EndGlobalSection
	GlobalSection(ProjectConfigurationPlatforms) = postSolution
		{4E353408-6B09-4F74-91E1-1345F4C3811F}.Debug|Any CPU.ActiveCfg = Debug|Any CPU
		{4E353408-6B09-4F74-91E1-1345F4C3811F}.Debug|Any CPU.Build.0 = Debug|Any CPU
		{4E353408-6B09-4F74-91E1-1345F4C3811F}.Release|Any CPU.ActiveCfg = Release|Any CPU
		{4E353408-6B09-4F74-91E1-1345F4C3811F}.Release|Any CPU.Build.0 = Release|Any CPU
	EndGlobalSection
	GlobalSection(SolutionProperties) = preSolution
		HideSolutionNode = FALSE
	EndGlobalSection
	GlobalSection(ExtensibilityGlobals) = postSolution
		SolutionGuid = {5FE35C1A-EB4A-4E23-AE51-E0C467B490E5}
	EndGlobalSection
EndGlobal
