
Microsoft Visual Studio Solution File, Format Version 12.00
# Visual Studio Version 17
VisualStudioVersion = 17.4.33213.308
MinimumVisualStudioVersion = 10.0.40219.1
Project("{FAE04EC0-301F-11D3-BF4B-00C04F79EFBC}") = "MessageClient", "MessageClient\MessageClient.csproj", "{94D000BA-ADFE-43A7-96FD-D8BBE8ACFC4C}"
EndProject
Global
	GlobalSection(SolutionConfigurationPlatforms) = preSolution
		Debug|Any CPU = Debug|Any CPU
		Release|Any CPU = Release|Any CPU
	EndGlobalSection
	GlobalSection(ProjectConfigurationPlatforms) = postSolution
		{94D000BA-ADFE-43A7-96FD-D8BBE8ACFC4C}.Debug|Any CPU.ActiveCfg = Debug|Any CPU
		{94D000BA-ADFE-43A7-96FD-D8BBE8ACFC4C}.Debug|Any CPU.Build.0 = Debug|Any CPU
		{94D000BA-ADFE-43A7-96FD-D8BBE8ACFC4C}.Release|Any CPU.ActiveCfg = Release|Any CPU
		{94D000BA-ADFE-43A7-96FD-D8BBE8ACFC4C}.Release|Any CPU.Build.0 = Release|Any CPU
	EndGlobalSection
	GlobalSection(SolutionProperties) = preSolution
		HideSolutionNode = FALSE
	EndGlobalSection
	GlobalSection(ExtensibilityGlobals) = postSolution
		SolutionGuid = {6511D763-A77E-4D5A-9BFE-8DB5BDD1EE03}
	EndGlobalSection
EndGlobal
