
Microsoft Visual Studio Solution File, Format Version 12.00
# Visual Studio Version 17
VisualStudioVersion = 17.4.33213.308
MinimumVisualStudioVersion = 10.0.40219.1
Project("{FAE04EC0-301F-11D3-BF4B-00C04F79EFBC}") = "MessageServer", "MessageServer\MessageServer.csproj", "{2ED13D8F-A924-43CA-B97B-48B17828D4DD}"
EndProject
Global
	GlobalSection(SolutionConfigurationPlatforms) = preSolution
		Debug|Any CPU = Debug|Any CPU
		Release|Any CPU = Release|Any CPU
	EndGlobalSection
	GlobalSection(ProjectConfigurationPlatforms) = postSolution
		{2ED13D8F-A924-43CA-B97B-48B17828D4DD}.Debug|Any CPU.ActiveCfg = Debug|Any CPU
		{2ED13D8F-A924-43CA-B97B-48B17828D4DD}.Debug|Any CPU.Build.0 = Debug|Any CPU
		{2ED13D8F-A924-43CA-B97B-48B17828D4DD}.Release|Any CPU.ActiveCfg = Release|Any CPU
		{2ED13D8F-A924-43CA-B97B-48B17828D4DD}.Release|Any CPU.Build.0 = Release|Any CPU
	EndGlobalSection
	GlobalSection(SolutionProperties) = preSolution
		HideSolutionNode = FALSE
	EndGlobalSection
	GlobalSection(ExtensibilityGlobals) = postSolution
		SolutionGuid = {9592EBC0-0B4C-4285-B9F3-0E091BA2C75E}
	EndGlobalSection
EndGlobal
