
Microsoft Visual Studio Solution File, Format Version 12.00
# Visual Studio Version 17
VisualStudioVersion = 17.4.33213.308
MinimumVisualStudioVersion = 10.0.40219.1
Project("{FAE04EC0-301F-11D3-BF4B-00C04F79EFBC}") = "BasicTest", "BasicTest\BasicTest.csproj", "{3F1E7E68-26D2-476C-88E0-555A00735796}"
EndProject
Global
	GlobalSection(SolutionConfigurationPlatforms) = preSolution
		Debug|Any CPU = Debug|Any CPU
		Release|Any CPU = Release|Any CPU
	EndGlobalSection
	GlobalSection(ProjectConfigurationPlatforms) = postSolution
		{3F1E7E68-26D2-476C-88E0-555A00735796}.Debug|Any CPU.ActiveCfg = Debug|Any CPU
		{3F1E7E68-26D2-476C-88E0-555A00735796}.Debug|Any CPU.Build.0 = Debug|Any CPU
		{3F1E7E68-26D2-476C-88E0-555A00735796}.Release|Any CPU.ActiveCfg = Release|Any CPU
		{3F1E7E68-26D2-476C-88E0-555A00735796}.Release|Any CPU.Build.0 = Release|Any CPU
	EndGlobalSection
	GlobalSection(SolutionProperties) = preSolution
		HideSolutionNode = FALSE
	EndGlobalSection
	GlobalSection(ExtensibilityGlobals) = postSolution
		SolutionGuid = {27BEE642-A951-4314-B2BE-142F29206BD2}
	EndGlobalSection
EndGlobal
