
Microsoft Visual Studio Solution File, Format Version 12.00
# Visual Studio Version 17
VisualStudioVersion = 17.4.33213.308
MinimumVisualStudioVersion = 10.0.40219.1
Project("{FAE04EC0-301F-11D3-BF4B-00C04F79EFBC}") = "WebApi", "WebApi\WebApi.csproj", "{E5E4A7C1-78E1-462A-9E5F-FBC2A6A36DD9}"
EndProject
Global
	GlobalSection(SolutionConfigurationPlatforms) = preSolution
		Debug|Any CPU = Debug|Any CPU
		Release|Any CPU = Release|Any CPU
	EndGlobalSection
	GlobalSection(ProjectConfigurationPlatforms) = postSolution
		{E5E4A7C1-78E1-462A-9E5F-FBC2A6A36DD9}.Debug|Any CPU.ActiveCfg = Debug|Any CPU
		{E5E4A7C1-78E1-462A-9E5F-FBC2A6A36DD9}.Debug|Any CPU.Build.0 = Debug|Any CPU
		{E5E4A7C1-78E1-462A-9E5F-FBC2A6A36DD9}.Release|Any CPU.ActiveCfg = Release|Any CPU
		{E5E4A7C1-78E1-462A-9E5F-FBC2A6A36DD9}.Release|Any CPU.Build.0 = Release|Any CPU
	EndGlobalSection
	GlobalSection(SolutionProperties) = preSolution
		HideSolutionNode = FALSE
	EndGlobalSection
	GlobalSection(ExtensibilityGlobals) = postSolution
		SolutionGuid = {120475A5-FA40-4C11-BD82-A9DCD5D14B1C}
	EndGlobalSection
EndGlobal
