
Microsoft Visual Studio Solution File, Format Version 12.00
# Visual Studio Version 17
VisualStudioVersion = 17.7.34031.279
MinimumVisualStudioVersion = 10.0.40219.1
Project("{9A19103F-16F7-4668-BE54-9A1E7A4F7556}") = "Producer", "Producer\Producer.csproj", "{A2AC98B1-1078-40D4-A9EF-B5655DFB61E1}"
EndProject
Project("{9A19103F-16F7-4668-BE54-9A1E7A4F7556}") = "Consumer", "Consumer\Consumer.csproj", "{B7F58250-54FB-442A-8A86-450771511B48}"
EndProject
Project("{9A19103F-16F7-4668-BE54-9A1E7A4F7556}") = "ConsumerListener", "ConsumerListener\ConsumerListener.csproj", "{A0CCCBB3-923F-438B-B707-D116BAC3F1B2}"
EndProject
Project("{FAE04EC0-301F-11D3-BF4B-00C04F79EFBC}") = "ProducerPublish", "ProducerPublish\ProducerPublish.csproj", "{D5EBC0CE-6543-4E93-AE2D-E0235A4DE65E}"
EndProject
Project("{FAE04EC0-301F-11D3-BF4B-00C04F79EFBC}") = "ConsumerSubscribe", "ConsumerSubscribe\ConsumerSubscribe.csproj", "{A44E5589-6526-4E9D-AF9A-B393313A8201}"
EndProject
Global
	GlobalSection(SolutionConfigurationPlatforms) = preSolution
		Debug|Any CPU = Debug|Any CPU
		Release|Any CPU = Release|Any CPU
	EndGlobalSection
	GlobalSection(ProjectConfigurationPlatforms) = postSolution
		{A2AC98B1-1078-40D4-A9EF-B5655DFB61E1}.Debug|Any CPU.ActiveCfg = Debug|Any CPU
		{A2AC98B1-1078-40D4-A9EF-B5655DFB61E1}.Debug|Any CPU.Build.0 = Debug|Any CPU
		{A2AC98B1-1078-40D4-A9EF-B5655DFB61E1}.Release|Any CPU.ActiveCfg = Release|Any CPU
		{A2AC98B1-1078-40D4-A9EF-B5655DFB61E1}.Release|Any CPU.Build.0 = Release|Any CPU
		{B7F58250-54FB-442A-8A86-450771511B48}.Debug|Any CPU.ActiveCfg = Debug|Any CPU
		{B7F58250-54FB-442A-8A86-450771511B48}.Debug|Any CPU.Build.0 = Debug|Any CPU
		{B7F58250-54FB-442A-8A86-450771511B48}.Release|Any CPU.ActiveCfg = Release|Any CPU
		{B7F58250-54FB-442A-8A86-450771511B48}.Release|Any CPU.Build.0 = Release|Any CPU
		{A0CCCBB3-923F-438B-B707-D116BAC3F1B2}.Debug|Any CPU.ActiveCfg = Debug|Any CPU
		{A0CCCBB3-923F-438B-B707-D116BAC3F1B2}.Debug|Any CPU.Build.0 = Debug|Any CPU
		{A0CCCBB3-923F-438B-B707-D116BAC3F1B2}.Release|Any CPU.ActiveCfg = Release|Any CPU
		{A0CCCBB3-923F-438B-B707-D116BAC3F1B2}.Release|Any CPU.Build.0 = Release|Any CPU
		{D5EBC0CE-6543-4E93-AE2D-E0235A4DE65E}.Debug|Any CPU.ActiveCfg = Debug|Any CPU
		{D5EBC0CE-6543-4E93-AE2D-E0235A4DE65E}.Debug|Any CPU.Build.0 = Debug|Any CPU
		{D5EBC0CE-6543-4E93-AE2D-E0235A4DE65E}.Release|Any CPU.ActiveCfg = Release|Any CPU
		{D5EBC0CE-6543-4E93-AE2D-E0235A4DE65E}.Release|Any CPU.Build.0 = Release|Any CPU
		{A44E5589-6526-4E9D-AF9A-B393313A8201}.Debug|Any CPU.ActiveCfg = Debug|Any CPU
		{A44E5589-6526-4E9D-AF9A-B393313A8201}.Debug|Any CPU.Build.0 = Debug|Any CPU
		{A44E5589-6526-4E9D-AF9A-B393313A8201}.Release|Any CPU.ActiveCfg = Release|Any CPU
		{A44E5589-6526-4E9D-AF9A-B393313A8201}.Release|Any CPU.Build.0 = Release|Any CPU
	EndGlobalSection
	GlobalSection(SolutionProperties) = preSolution
		HideSolutionNode = FALSE
	EndGlobalSection
	GlobalSection(ExtensibilityGlobals) = postSolution
		SolutionGuid = {DB7A659B-40F6-4F79-BEDF-F8984140DD32}
	EndGlobalSection
EndGlobal
